github.com/google/docsy/theme v0.17.0 h1:eQaQcvg20bxI21nKylsERCK/xkCITj0Sqf3ae/NDRdo=
github.com/google/docsy/theme v0.17.0/go.mod h1:NX/JqXCbZBn9Q2Hj7ez9Xeh9z4XcLiwmDYZXhB4RhRM=
gitlab.com/gitlab-com/content-sites/docsy-gitlab v0.4.2 h1:cwLF8dcJasTF1d16kVdjbSYIL3yqMlhczsBH1WSKT2c=
gitlab.com/gitlab-com/content-sites/docsy-gitlab v0.4.2/go.mod h1:WgWYs6GI47zDr+Q/1njsZkSVyLjO35XgpG4wcO775G8=
gitlab.com/gitlab-com/content-sites/docsy-gitlab v0.4.3 h1:vPm0/uLxpAytFSMThKdoeKxLgWdoZj4lB2mFRFwb+DE=
gitlab.com/gitlab-com/content-sites/docsy-gitlab v0.4.3/go.mod h1:WgWYs6GI47zDr+Q/1njsZkSVyLjO35XgpG4wcO775G8=
